
Microsoft Visual Studio Solution File, Format Version 12.00
# Visual Studio 15
VisualStudioVersion = 15.0.34112.143
MinimumVisualStudioVersion = 10.0.40219.1
Project("{8BC9CEB8-8B4A-11D0-8D11-00A0C91BC942}") = "Practice6", "Practice6\Practice6.vcxproj", "{AFB6510D-4B88-410C-B469-86E54BC808F3}"
EndProject
Global
	GlobalSection(SolutionConfigurationPlatforms) = preSolution
		Debug|x64 = Debug|x64
		Debug|x86 = Debug|x86
		Release|x64 = Release|x64
		Release|x86 = Release|x86
	EndGlobalSection
	GlobalSection(ProjectConfigurationPlatforms) = postSolution
		{AFB6510D-4B88-410C-B469-86E54BC808F3}.Debug|x64.ActiveCfg = Debug|x64
		{AFB6510D-4B88-410C-B469-86E54BC808F3}.Debug|x64.Build.0 = Debug|x64
		{AFB6510D-4B88-410C-B469-86E54BC808F3}.Debug|x86.ActiveCfg = Debug|Win32
		{AFB6510D-4B88-410C-B469-86E54BC808F3}.Debug|x86.Build.0 = Debug|Win32
		{AFB6510D-4B88-410C-B469-86E54BC808F3}.Release|x64.ActiveCfg = Release|x64
		{AFB6510D-4B88-410C-B469-86E54BC808F3}.Release|x64.Build.0 = Release|x64
		{AFB6510D-4B88-410C-B469-86E54BC808F3}.Release|x86.ActiveCfg = Release|Win32
		{AFB6510D-4B88-410C-B469-86E54BC808F3}.Release|x86.Build.0 = Release|Win32
	EndGlobalSection
	GlobalSection(SolutionProperties) = preSolution
		HideSolutionNode = FALSE
	EndGlobalSection
	GlobalSection(ExtensibilityGlobals) = postSolution
		SolutionGuid = {F14C056B-13C5-4218-8DBF-7716AF716DD8}
	EndGlobalSection
EndGlobal
